
Microsoft Visual Studio Solution File, Format Version 12.00
# Visual Studio 15
VisualStudioVersion = 15.0.27428.2005
MinimumVisualStudioVersion = 10.0.40219.1
Project("{9A19103F-16F7-4668-BE54-9A1E7A4F7556}") = "Elect.Core", "src\Elect.Core\Elect.Core.csproj", "{ADDDF884-81A8-48BA-B405-2D451ACCB6BF}"
EndProject
Project("{2150E333-8FDC-42A3-9474-1A3956D46DE8}") = "Data", "Data", "{DD41F232-E4E3-408F-9687-7AA6D7201F49}"
EndProject
Project("{2150E333-8FDC-42A3-9474-1A3956D46DE8}") = "DI", "DI", "{CDC81C63-39E4-44FB-80DB-7839E8D2C8C1}"
EndProject
Project("{2150E333-8FDC-42A3-9474-1A3956D46DE8}") = "Mapper", "Mapper", "{7A077DE1-4A8A-4D47-820A-A9BE4EB908B2}"
EndProject
Project("{9A19103F-16F7-4668-BE54-9A1E7A4F7556}") = "Elect.Data.EF", "src\Data\Elect.Data.EF\Elect.Data.EF.csproj", "{CBD1A22E-6626-496A-ABE5-5AF066B844B1}"
EndProject
Project("{9A19103F-16F7-4668-BE54-9A1E7A4F7556}") = "Elect.Data.IO", "src\Data\Elect.Data.IO\Elect.Data.IO.csproj", "{04A7B5D4-43D6-4624-8F3F-C44B06BD7C2C}"
EndProject
Project("{9A19103F-16F7-4668-BE54-9A1E7A4F7556}") = "Elect.DI", "src\DI\Elect.DI\Elect.DI.csproj", "{CB65A310-CCA3-40BB-9EBA-745184234496}"
EndProject
Project("{9A19103F-16F7-4668-BE54-9A1E7A4F7556}") = "Elect.Mapper.AutoMapper", "src\Mapper\Elect.Mapper.AutoMapper\Elect.Mapper.AutoMapper.csproj", "{C7936AB3-C8A5-487C-B4C2-01CA2DD11E60}"
EndProject
Project("{2150E333-8FDC-42A3-9474-1A3956D46DE8}") = "src", "src", "{F054EE83-4A80-4553-A0CC-25C46D2A3AC1}"
EndProject
Project("{2150E333-8FDC-42A3-9474-1A3956D46DE8}") = "test", "test", "{3521B1BA-CF8D-4DB9-AD5C-614CE3F8080A}"
EndProject
Project("{2150E333-8FDC-42A3-9474-1A3956D46DE8}") = "samples", "samples", "{5E828BCD-A912-417F-9A51-708859BA56F5}"
EndProject
Project("{9A19103F-16F7-4668-BE54-9A1E7A4F7556}") = "Elect.Test.UnitTest", "test\Elect.Test.UnitTest\Elect.Test.UnitTest.csproj", "{39167B96-224C-40CD-81D4-066A5E8597AE}"
EndProject
Project("{2150E333-8FDC-42A3-9474-1A3956D46DE8}") = "Notification", "Notification", "{50154748-2B4A-4BFA-BBEB-17E5DF45A1B8}"
EndProject
Project("{9A19103F-16F7-4668-BE54-9A1E7A4F7556}") = "Elect.Notification.Esms", "src\Notification\Elect.Notification.Esms\Elect.Notification.Esms.csproj", "{54A7CA38-82FB-4389-9E30-7341584DE24E}"
EndProject
Project("{9A19103F-16F7-4668-BE54-9A1E7A4F7556}") = "Elect.Notification.OneSignal", "src\Notification\Elect.Notification.OneSignal\Elect.Notification.OneSignal.csproj", "{2F238130-AD51-4939-A15D-1E2F60C23871}"
EndProject
Project("{2150E333-8FDC-42A3-9474-1A3956D46DE8}") = "Location", "Location", "{63AB0898-B0A3-4E25-A3EE-5CCE2F20F6C0}"
EndProject
Project("{9A19103F-16F7-4668-BE54-9A1E7A4F7556}") = "Elect.Location.Models", "src\Location\Elect.Location.Models\Elect.Location.Models.csproj", "{429E8BDD-F4FF-4AF1-A3F5-0E7367F9B766}"
EndProject
Project("{9A19103F-16F7-4668-BE54-9A1E7A4F7556}") = "Elect.Location.Google", "src\Location\Elect.Location.Google\Elect.Location.Google.csproj", "{63DFC9B3-07F1-4239-A1F8-17C61A2D4619}"
EndProject
Project("{9A19103F-16F7-4668-BE54-9A1E7A4F7556}") = "Elect.Location.Coordinate", "src\Location\Elect.Location.Coordinate\Elect.Location.Coordinate.csproj", "{04614ED2-1441-4A46-8E12-7A14D3FB1B5F}"
EndProject
Project("{2150E333-8FDC-42A3-9474-1A3956D46DE8}") = "Web", "Web", "{16FC8D0A-F964-4B45-9E78-8F9D50585B3C}"
EndProject
Project("{9A19103F-16F7-4668-BE54-9A1E7A4F7556}") = "Elect.Web", "src\Web\Elect.Web\Elect.Web.csproj", "{2B2BC6FA-8E3A-4323-87E5-15C1E7077AB2}"
EndProject
Project("{9A19103F-16F7-4668-BE54-9A1E7A4F7556}") = "Elect.Test.AspNetCore", "test\Elect.Test.AspNetCore\Elect.Test.AspNetCore.csproj", "{A9ADA0A4-737C-4F71-A0E6-EE430298C173}"
EndProject
Project("{9A19103F-16F7-4668-BE54-9A1E7A4F7556}") = "Elect.Web.HttpDetection", "src\Web\Elect.Web.HttpDetection\Elect.Web.HttpDetection.csproj", "{DBF5C42C-A839-44BA-AA41-FD24C79FB382}"
EndProject
Project("{9A19103F-16F7-4668-BE54-9A1E7A4F7556}") = "Elect.Web.DataTable", "src\Web\Elect.Web.DataTable\Elect.Web.DataTable.csproj", "{E4E82F9E-E75B-4C06-9338-9D19D0771802}"
EndProject
Project("{FAE04EC0-301F-11D3-BF4B-00C04F79EFBC}") = "Elect.Web.Swagger", "src\Web\Elect.Web.Swagger\Elect.Web.Swagger.csproj", "{B92DFFA1-6B56-44A4-90C1-33AB23B3A0A7}"
EndProject
Global
	GlobalSection(SolutionConfigurationPlatforms) = preSolution
		Debug|Any CPU = Debug|Any CPU
		Release|Any CPU = Release|Any CPU
	EndGlobalSection
	GlobalSection(ProjectConfigurationPlatforms) = postSolution
		{ADDDF884-81A8-48BA-B405-2D451ACCB6BF}.Debug|Any CPU.ActiveCfg = Debug|Any CPU
		{ADDDF884-81A8-48BA-B405-2D451ACCB6BF}.Debug|Any CPU.Build.0 = Debug|Any CPU
		{ADDDF884-81A8-48BA-B405-2D451ACCB6BF}.Release|Any CPU.ActiveCfg = Release|Any CPU
		{ADDDF884-81A8-48BA-B405-2D451ACCB6BF}.Release|Any CPU.Build.0 = Release|Any CPU
		{CBD1A22E-6626-496A-ABE5-5AF066B844B1}.Debug|Any CPU.ActiveCfg = Debug|Any CPU
		{CBD1A22E-6626-496A-ABE5-5AF066B844B1}.Debug|Any CPU.Build.0 = Debug|Any CPU
		{CBD1A22E-6626-496A-ABE5-5AF066B844B1}.Release|Any CPU.ActiveCfg = Release|Any CPU
		{CBD1A22E-6626-496A-ABE5-5AF066B844B1}.Release|Any CPU.Build.0 = Release|Any CPU
		{04A7B5D4-43D6-4624-8F3F-C44B06BD7C2C}.Debug|Any CPU.ActiveCfg = Debug|Any CPU
		{04A7B5D4-43D6-4624-8F3F-C44B06BD7C2C}.Debug|Any CPU.Build.0 = Debug|Any CPU
		{04A7B5D4-43D6-4624-8F3F-C44B06BD7C2C}.Release|Any CPU.ActiveCfg = Release|Any CPU
		{04A7B5D4-43D6-4624-8F3F-C44B06BD7C2C}.Release|Any CPU.Build.0 = Release|Any CPU
		{CB65A310-CCA3-40BB-9EBA-745184234496}.Debug|Any CPU.ActiveCfg = Debug|Any CPU
		{CB65A310-CCA3-40BB-9EBA-745184234496}.Debug|Any CPU.Build.0 = Debug|Any CPU
		{CB65A310-CCA3-40BB-9EBA-745184234496}.Release|Any CPU.ActiveCfg = Release|Any CPU
		{CB65A310-CCA3-40BB-9EBA-745184234496}.Release|Any CPU.Build.0 = Release|Any CPU
		{C7936AB3-C8A5-487C-B4C2-01CA2DD11E60}.Debug|Any CPU.ActiveCfg = Debug|Any CPU
		{C7936AB3-C8A5-487C-B4C2-01CA2DD11E60}.Debug|Any CPU.Build.0 = Debug|Any CPU
		{C7936AB3-C8A5-487C-B4C2-01CA2DD11E60}.Release|Any CPU.ActiveCfg = Release|Any CPU
		{C7936AB3-C8A5-487C-B4C2-01CA2DD11E60}.Release|Any CPU.Build.0 = Release|Any CPU
		{39167B96-224C-40CD-81D4-066A5E8597AE}.Debug|Any CPU.ActiveCfg = Debug|Any CPU
		{39167B96-224C-40CD-81D4-066A5E8597AE}.Debug|Any CPU.Build.0 = Debug|Any CPU
		{39167B96-224C-40CD-81D4-066A5E8597AE}.Release|Any CPU.ActiveCfg = Release|Any CPU
		{39167B96-224C-40CD-81D4-066A5E8597AE}.Release|Any CPU.Build.0 = Release|Any CPU
		{54A7CA38-82FB-4389-9E30-7341584DE24E}.Debug|Any CPU.ActiveCfg = Debug|Any CPU
		{54A7CA38-82FB-4389-9E30-7341584DE24E}.Debug|Any CPU.Build.0 = Debug|Any CPU
		{54A7CA38-82FB-4389-9E30-7341584DE24E}.Release|Any CPU.ActiveCfg = Release|Any CPU
		{54A7CA38-82FB-4389-9E30-7341584DE24E}.Release|Any CPU.Build.0 = Release|Any CPU
		{2F238130-AD51-4939-A15D-1E2F60C23871}.Debug|Any CPU.ActiveCfg = Debug|Any CPU
		{2F238130-AD51-4939-A15D-1E2F60C23871}.Debug|Any CPU.Build.0 = Debug|Any CPU
		{2F238130-AD51-4939-A15D-1E2F60C23871}.Release|Any CPU.ActiveCfg = Release|Any CPU
		{2F238130-AD51-4939-A15D-1E2F60C23871}.Release|Any CPU.Build.0 = Release|Any CPU
		{429E8BDD-F4FF-4AF1-A3F5-0E7367F9B766}.Debug|Any CPU.ActiveCfg = Debug|Any CPU
		{429E8BDD-F4FF-4AF1-A3F5-0E7367F9B766}.Debug|Any CPU.Build.0 = Debug|Any CPU
		{429E8BDD-F4FF-4AF1-A3F5-0E7367F9B766}.Release|Any CPU.ActiveCfg = Release|Any CPU
		{429E8BDD-F4FF-4AF1-A3F5-0E7367F9B766}.Release|Any CPU.Build.0 = Release|Any CPU
		{63DFC9B3-07F1-4239-A1F8-17C61A2D4619}.Debug|Any CPU.ActiveCfg = Debug|Any CPU
		{63DFC9B3-07F1-4239-A1F8-17C61A2D4619}.Debug|Any CPU.Build.0 = Debug|Any CPU
		{63DFC9B3-07F1-4239-A1F8-17C61A2D4619}.Release|Any CPU.ActiveCfg = Release|Any CPU
		{63DFC9B3-07F1-4239-A1F8-17C61A2D4619}.Release|Any CPU.Build.0 = Release|Any CPU
		{04614ED2-1441-4A46-8E12-7A14D3FB1B5F}.Debug|Any CPU.ActiveCfg = Debug|Any CPU
		{04614ED2-1441-4A46-8E12-7A14D3FB1B5F}.Debug|Any CPU.Build.0 = Debug|Any CPU
		{04614ED2-1441-4A46-8E12-7A14D3FB1B5F}.Release|Any CPU.ActiveCfg = Release|Any CPU
		{04614ED2-1441-4A46-8E12-7A14D3FB1B5F}.Release|Any CPU.Build.0 = Release|Any CPU
		{2B2BC6FA-8E3A-4323-87E5-15C1E7077AB2}.Debug|Any CPU.ActiveCfg = Debug|Any CPU
		{2B2BC6FA-8E3A-4323-87E5-15C1E7077AB2}.Debug|Any CPU.Build.0 = Debug|Any CPU
		{2B2BC6FA-8E3A-4323-87E5-15C1E7077AB2}.Release|Any CPU.ActiveCfg = Release|Any CPU
		{2B2BC6FA-8E3A-4323-87E5-15C1E7077AB2}.Release|Any CPU.Build.0 = Release|Any CPU
		{A9ADA0A4-737C-4F71-A0E6-EE430298C173}.Debug|Any CPU.ActiveCfg = Debug|Any CPU
		{A9ADA0A4-737C-4F71-A0E6-EE430298C173}.Debug|Any CPU.Build.0 = Debug|Any CPU
		{A9ADA0A4-737C-4F71-A0E6-EE430298C173}.Release|Any CPU.ActiveCfg = Release|Any CPU
		{A9ADA0A4-737C-4F71-A0E6-EE430298C173}.Release|Any CPU.Build.0 = Release|Any CPU
		{DBF5C42C-A839-44BA-AA41-FD24C79FB382}.Debug|Any CPU.ActiveCfg = Debug|Any CPU
		{DBF5C42C-A839-44BA-AA41-FD24C79FB382}.Debug|Any CPU.Build.0 = Debug|Any CPU
		{DBF5C42C-A839-44BA-AA41-FD24C79FB382}.Release|Any CPU.ActiveCfg = Release|Any CPU
		{DBF5C42C-A839-44BA-AA41-FD24C79FB382}.Release|Any CPU.Build.0 = Release|Any CPU
		{E4E82F9E-E75B-4C06-9338-9D19D0771802}.Debug|Any CPU.ActiveCfg = Debug|Any CPU
		{E4E82F9E-E75B-4C06-9338-9D19D0771802}.Debug|Any CPU.Build.0 = Debug|Any CPU
		{E4E82F9E-E75B-4C06-9338-9D19D0771802}.Release|Any CPU.ActiveCfg = Release|Any CPU
		{E4E82F9E-E75B-4C06-9338-9D19D0771802}.Release|Any CPU.Build.0 = Release|Any CPU
		{B92DFFA1-6B56-44A4-90C1-33AB23B3A0A7}.Debug|Any CPU.ActiveCfg = Debug|Any CPU
		{B92DFFA1-6B56-44A4-90C1-33AB23B3A0A7}.Debug|Any CPU.Build.0 = Debug|Any CPU
		{B92DFFA1-6B56-44A4-90C1-33AB23B3A0A7}.Release|Any CPU.ActiveCfg = Release|Any CPU
		{B92DFFA1-6B56-44A4-90C1-33AB23B3A0A7}.Release|Any CPU.Build.0 = Release|Any CPU
	EndGlobalSection
	GlobalSection(SolutionProperties) = preSolution
		HideSolutionNode = FALSE
	EndGlobalSection
	GlobalSection(NestedProjects) = preSolution
		{ADDDF884-81A8-48BA-B405-2D451ACCB6BF} = {F054EE83-4A80-4553-A0CC-25C46D2A3AC1}
		{DD41F232-E4E3-408F-9687-7AA6D7201F49} = {F054EE83-4A80-4553-A0CC-25C46D2A3AC1}
		{CDC81C63-39E4-44FB-80DB-7839E8D2C8C1} = {F054EE83-4A80-4553-A0CC-25C46D2A3AC1}
		{7A077DE1-4A8A-4D47-820A-A9BE4EB908B2} = {F054EE83-4A80-4553-A0CC-25C46D2A3AC1}
		{CBD1A22E-6626-496A-ABE5-5AF066B844B1} = {DD41F232-E4E3-408F-9687-7AA6D7201F49}
		{04A7B5D4-43D6-4624-8F3F-C44B06BD7C2C} = {DD41F232-E4E3-408F-9687-7AA6D7201F49}
		{CB65A310-CCA3-40BB-9EBA-745184234496} = {CDC81C63-39E4-44FB-80DB-7839E8D2C8C1}
		{C7936AB3-C8A5-487C-B4C2-01CA2DD11E60} = {7A077DE1-4A8A-4D47-820A-A9BE4EB908B2}
		{39167B96-224C-40CD-81D4-066A5E8597AE} = {3521B1BA-CF8D-4DB9-AD5C-614CE3F8080A}
		{50154748-2B4A-4BFA-BBEB-17E5DF45A1B8} = {F054EE83-4A80-4553-A0CC-25C46D2A3AC1}
		{54A7CA38-82FB-4389-9E30-7341584DE24E} = {50154748-2B4A-4BFA-BBEB-17E5DF45A1B8}
		{2F238130-AD51-4939-A15D-1E2F60C23871} = {50154748-2B4A-4BFA-BBEB-17E5DF45A1B8}
		{63AB0898-B0A3-4E25-A3EE-5CCE2F20F6C0} = {F054EE83-4A80-4553-A0CC-25C46D2A3AC1}
		{429E8BDD-F4FF-4AF1-A3F5-0E7367F9B766} = {63AB0898-B0A3-4E25-A3EE-5CCE2F20F6C0}
		{63DFC9B3-07F1-4239-A1F8-17C61A2D4619} = {63AB0898-B0A3-4E25-A3EE-5CCE2F20F6C0}
		{04614ED2-1441-4A46-8E12-7A14D3FB1B5F} = {63AB0898-B0A3-4E25-A3EE-5CCE2F20F6C0}
		{16FC8D0A-F964-4B45-9E78-8F9D50585B3C} = {F054EE83-4A80-4553-A0CC-25C46D2A3AC1}
		{2B2BC6FA-8E3A-4323-87E5-15C1E7077AB2} = {16FC8D0A-F964-4B45-9E78-8F9D50585B3C}
		{A9ADA0A4-737C-4F71-A0E6-EE430298C173} = {3521B1BA-CF8D-4DB9-AD5C-614CE3F8080A}
		{DBF5C42C-A839-44BA-AA41-FD24C79FB382} = {16FC8D0A-F964-4B45-9E78-8F9D50585B3C}
		{E4E82F9E-E75B-4C06-9338-9D19D0771802} = {16FC8D0A-F964-4B45-9E78-8F9D50585B3C}
		{B92DFFA1-6B56-44A4-90C1-33AB23B3A0A7} = {16FC8D0A-F964-4B45-9E78-8F9D50585B3C}
	EndGlobalSection
	GlobalSection(ExtensibilityGlobals) = postSolution
		SolutionGuid = {5B699336-21B7-4FD5-8ECC-A8390C034309}
	EndGlobalSection
EndGlobal
