
Microsoft Visual Studio Solution File, Format Version 12.00
# Visual Studio Version 16
VisualStudioVersion = 16.0.31220.234
MinimumVisualStudioVersion = 10.0.40219.1
Project("{2150E333-8FDC-42A3-9474-1A3956D46DE8}") = "1. src", "1. src", "{F054EE83-4A80-4553-A0CC-25C46D2A3AC1}"
EndProject
Project("{2150E333-8FDC-42A3-9474-1A3956D46DE8}") = "Data", "Data", "{DD41F232-E4E3-408F-9687-7AA6D7201F49}"
EndProject
Project("{9A19103F-16F7-4668-BE54-9A1E7A4F7556}") = "Elect.Data.EF", "src\Data\Elect.Data.EF\Elect.Data.EF.csproj", "{CBD1A22E-6626-496A-ABE5-5AF066B844B1}"
EndProject
Project("{9A19103F-16F7-4668-BE54-9A1E7A4F7556}") = "Elect.Data.IO", "src\Data\Elect.Data.IO\Elect.Data.IO.csproj", "{04A7B5D4-43D6-4624-8F3F-C44B06BD7C2C}"
EndProject
Project("{2150E333-8FDC-42A3-9474-1A3956D46DE8}") = "DI", "DI", "{CDC81C63-39E4-44FB-80DB-7839E8D2C8C1}"
EndProject
Project("{9A19103F-16F7-4668-BE54-9A1E7A4F7556}") = "Elect.DI", "src\DI\Elect.DI\Elect.DI.csproj", "{CB65A310-CCA3-40BB-9EBA-745184234496}"
EndProject
Project("{2150E333-8FDC-42A3-9474-1A3956D46DE8}") = "Job", "Job", "{02858C64-BEB0-46DE-8479-BB623A6CF04A}"
EndProject
Project("{9A19103F-16F7-4668-BE54-9A1E7A4F7556}") = "Elect.Job.Hangfire", "src\Job\Elect.Job.Hangfire\Elect.Job.Hangfire.csproj", "{6EB7A9C8-2CD6-40D0-ADC9-1F0D8EFDDEE9}"
EndProject
Project("{2150E333-8FDC-42A3-9474-1A3956D46DE8}") = "Location", "Location", "{63AB0898-B0A3-4E25-A3EE-5CCE2F20F6C0}"
EndProject
Project("{9A19103F-16F7-4668-BE54-9A1E7A4F7556}") = "Elect.Location.Coordinate", "src\Location\Elect.Location.Coordinate\Elect.Location.Coordinate.csproj", "{04614ED2-1441-4A46-8E12-7A14D3FB1B5F}"
EndProject
Project("{9A19103F-16F7-4668-BE54-9A1E7A4F7556}") = "Elect.Location.Google", "src\Location\Elect.Location.Google\Elect.Location.Google.csproj", "{63DFC9B3-07F1-4239-A1F8-17C61A2D4619}"
EndProject
Project("{9A19103F-16F7-4668-BE54-9A1E7A4F7556}") = "Elect.Location.Models", "src\Location\Elect.Location.Models\Elect.Location.Models.csproj", "{429E8BDD-F4FF-4AF1-A3F5-0E7367F9B766}"
EndProject
Project("{2150E333-8FDC-42A3-9474-1A3956D46DE8}") = "Web", "Web", "{16FC8D0A-F964-4B45-9E78-8F9D50585B3C}"
EndProject
Project("{9A19103F-16F7-4668-BE54-9A1E7A4F7556}") = "Elect.Web", "src\Web\Elect.Web\Elect.Web.csproj", "{2B2BC6FA-8E3A-4323-87E5-15C1E7077AB2}"
EndProject
Project("{9A19103F-16F7-4668-BE54-9A1E7A4F7556}") = "Elect.Web.HttpDetection", "src\Web\Elect.Web.HttpDetection\Elect.Web.HttpDetection.csproj", "{DBF5C42C-A839-44BA-AA41-FD24C79FB382}"
EndProject
Project("{9A19103F-16F7-4668-BE54-9A1E7A4F7556}") = "Elect.Web.DataTable", "src\Web\Elect.Web.DataTable\Elect.Web.DataTable.csproj", "{E4E82F9E-E75B-4C06-9338-9D19D0771802}"
EndProject
Project("{9A19103F-16F7-4668-BE54-9A1E7A4F7556}") = "Elect.Web.Middlewares", "src\Web\Elect.Web.Middlewares\Elect.Web.Middlewares.csproj", "{0DC598F3-8231-4514-9590-90A85F2802E0}"
EndProject
Project("{9A19103F-16F7-4668-BE54-9A1E7A4F7556}") = "Elect.Web.Ajaxify", "src\Web\Elect.Web.Ajaxify\Elect.Web.Ajaxify.csproj", "{F233CF58-F101-455B-AB37-4C5733C0156A}"
EndProject
Project("{9A19103F-16F7-4668-BE54-9A1E7A4F7556}") = "Elect.Core", "src\Elect.Core\Elect.Core.csproj", "{ADDDF884-81A8-48BA-B405-2D451ACCB6BF}"
EndProject
Project("{2150E333-8FDC-42A3-9474-1A3956D46DE8}") = "2. test", "2. test", "{7A62CF0C-B858-4273-8121-00BC279B7005}"
EndProject
Project("{9A19103F-16F7-4668-BE54-9A1E7A4F7556}") = "Elect.Test.Core", "test\Elect.Test.Core\Elect.Test.Core.csproj", "{7ADD229C-B21A-4E48-8619-0A78B14CB449}"
EndProject
Project("{2150E333-8FDC-42A3-9474-1A3956D46DE8}") = "Data", "Data", "{54740C79-3FE9-47A5-BA78-267A43054D0E}"
EndProject
Project("{9A19103F-16F7-4668-BE54-9A1E7A4F7556}") = "Elect.Test.Data.IO", "test\Data\Elect.Test.Data.IO\Elect.Test.Data.IO.csproj", "{80231B01-6453-40E7-A017-74A84C6DBC96}"
EndProject
Project("{2150E333-8FDC-42A3-9474-1A3956D46DE8}") = "3. samples", "3. samples", "{5E828BCD-A912-417F-9A51-708859BA56F5}"
EndProject
Project("{2150E333-8FDC-42A3-9474-1A3956D46DE8}") = "Data", "Data", "{0DA7335A-4D04-4AE3-88AA-166C9FA1772F}"
EndProject
Project("{9A19103F-16F7-4668-BE54-9A1E7A4F7556}") = "Elect.Sample.Data.EF", "samples\Data\Elect.Sample.Data.EF\Elect.Sample.Data.EF.csproj", "{A878E072-1650-4830-97A8-3A59F21E2D4B}"
EndProject
Project("{2150E333-8FDC-42A3-9474-1A3956D46DE8}") = "DI", "DI", "{B7897E91-B991-4E82-8588-1097DC994C7D}"
EndProject
Project("{9A19103F-16F7-4668-BE54-9A1E7A4F7556}") = "Elect.Sample.DI", "samples\DI\Elect.Sample.DI\Elect.Sample.DI.csproj", "{6D8D4104-B05B-4409-8A24-69A228D1FD5B}"
EndProject
Project("{2150E333-8FDC-42A3-9474-1A3956D46DE8}") = "Web", "Web", "{BB062F30-D2B6-4D0A-9D3D-84B2AF006D25}"
EndProject
Project("{9A19103F-16F7-4668-BE54-9A1E7A4F7556}") = "Elect.Sample.Web", "samples\Web\Elect.Sample.Web\Elect.Sample.Web.csproj", "{39FB9BB2-7EB8-4358-B828-F8C9F29074E7}"
EndProject
Project("{9A19103F-16F7-4668-BE54-9A1E7A4F7556}") = "Elect.Sample.Web.Middlewares", "samples\Web\Elect.Sample.Web.Middlewares\Elect.Sample.Web.Middlewares.csproj", "{DB4527B6-BE1D-4089-A329-ACE154CDAD52}"
EndProject
Project("{9A19103F-16F7-4668-BE54-9A1E7A4F7556}") = "Elect.Sample.Web.DataTable", "samples\Web\Elect.Sample.Web.DataTable\Elect.Sample.Web.DataTable.csproj", "{529A13D8-CA49-46DB-80C9-18B8ABD390F6}"
EndProject
Project("{2150E333-8FDC-42A3-9474-1A3956D46DE8}") = "4. nuspecs", "4. nuspecs", "{55DB6D46-100C-4C74-88B9-6FBB954D64CA}"
	ProjectSection(SolutionItems) = preProject
		nuspecs\Elect.Core.nuspec = nuspecs\Elect.Core.nuspec
	EndProjectSection
EndProject
Project("{2150E333-8FDC-42A3-9474-1A3956D46DE8}") = "Data", "Data", "{087FE118-82FC-4D3E-9D98-E16C305D27EA}"
	ProjectSection(SolutionItems) = preProject
		nuspecs\Data\Elect.Data.EF.nuspec = nuspecs\Data\Elect.Data.EF.nuspec
		nuspecs\Data\Elect.Data.IO.nuspec = nuspecs\Data\Elect.Data.IO.nuspec
	EndProjectSection
EndProject
Project("{2150E333-8FDC-42A3-9474-1A3956D46DE8}") = "DI", "DI", "{1E83DA8C-987F-401E-82B5-C5CB595543F4}"
	ProjectSection(SolutionItems) = preProject
		nuspecs\DI\Elect.DI.nuspec = nuspecs\DI\Elect.DI.nuspec
	EndProjectSection
EndProject
Project("{2150E333-8FDC-42A3-9474-1A3956D46DE8}") = "Job", "Job", "{33D79F84-2086-423A-83C8-FE99E7A8236E}"
	ProjectSection(SolutionItems) = preProject
		nuspecs\Job\Elect.Job.Hangfire.nuspec = nuspecs\Job\Elect.Job.Hangfire.nuspec
	EndProjectSection
EndProject
Project("{2150E333-8FDC-42A3-9474-1A3956D46DE8}") = "Location", "Location", "{E09197C4-F4F1-4998-9804-4EC96AC13EFD}"
	ProjectSection(SolutionItems) = preProject
		nuspecs\Location\Elect.Location.Coordinate.nuspec = nuspecs\Location\Elect.Location.Coordinate.nuspec
		nuspecs\Location\Elect.Location.Google.nuspec = nuspecs\Location\Elect.Location.Google.nuspec
		nuspecs\Location\Elect.Location.Models.nuspec = nuspecs\Location\Elect.Location.Models.nuspec
	EndProjectSection
EndProject
Project("{2150E333-8FDC-42A3-9474-1A3956D46DE8}") = "Web", "Web", "{12AAB3FD-8B28-4D53-AB95-A03AB2A701F3}"
	ProjectSection(SolutionItems) = preProject
		nuspecs\Web\Elect.Web.DataTable.nuspec = nuspecs\Web\Elect.Web.DataTable.nuspec
		nuspecs\Web\Elect.Web.HttpDetection.nuspec = nuspecs\Web\Elect.Web.HttpDetection.nuspec
		nuspecs\Web\Elect.Web.Middlewares.nuspec = nuspecs\Web\Elect.Web.Middlewares.nuspec
		nuspecs\Web\Elect.Web.nuspec = nuspecs\Web\Elect.Web.nuspec
	EndProjectSection
EndProject
Project("{2150E333-8FDC-42A3-9474-1A3956D46DE8}") = "5. Solution Items", "5. Solution Items", "{D3CB990F-2674-44C6-A3DE-CB288423B749}"
	ProjectSection(SolutionItems) = preProject
		LibraryDiagram.png = LibraryDiagram.png
		LICENSE = LICENSE
		Logo.png = Logo.png
		README.md = README.md
	EndProjectSection
EndProject
Project("{2150E333-8FDC-42A3-9474-1A3956D46DE8}") = "DI", "DI", "{CE002A44-53E8-46AC-B682-FDC093659474}"
EndProject
Project("{FAE04EC0-301F-11D3-BF4B-00C04F79EFBC}") = "Elect.Test.DI", "test\DI\Elect.Test.DI\Elect.Test.DI.csproj", "{86396E01-9020-4E59-B656-0C38A3B629E4}"
EndProject
Global
	GlobalSection(SolutionConfigurationPlatforms) = preSolution
		Debug|Any CPU = Debug|Any CPU
		Release|Any CPU = Release|Any CPU
	EndGlobalSection
	GlobalSection(ProjectConfigurationPlatforms) = postSolution
		{CBD1A22E-6626-496A-ABE5-5AF066B844B1}.Debug|Any CPU.ActiveCfg = Debug|Any CPU
		{CBD1A22E-6626-496A-ABE5-5AF066B844B1}.Debug|Any CPU.Build.0 = Debug|Any CPU
		{CBD1A22E-6626-496A-ABE5-5AF066B844B1}.Release|Any CPU.ActiveCfg = Release|Any CPU
		{CBD1A22E-6626-496A-ABE5-5AF066B844B1}.Release|Any CPU.Build.0 = Release|Any CPU
		{04A7B5D4-43D6-4624-8F3F-C44B06BD7C2C}.Debug|Any CPU.ActiveCfg = Debug|Any CPU
		{04A7B5D4-43D6-4624-8F3F-C44B06BD7C2C}.Debug|Any CPU.Build.0 = Debug|Any CPU
		{04A7B5D4-43D6-4624-8F3F-C44B06BD7C2C}.Release|Any CPU.ActiveCfg = Release|Any CPU
		{04A7B5D4-43D6-4624-8F3F-C44B06BD7C2C}.Release|Any CPU.Build.0 = Release|Any CPU
		{CB65A310-CCA3-40BB-9EBA-745184234496}.Debug|Any CPU.ActiveCfg = Debug|Any CPU
		{CB65A310-CCA3-40BB-9EBA-745184234496}.Debug|Any CPU.Build.0 = Debug|Any CPU
		{CB65A310-CCA3-40BB-9EBA-745184234496}.Release|Any CPU.ActiveCfg = Release|Any CPU
		{CB65A310-CCA3-40BB-9EBA-745184234496}.Release|Any CPU.Build.0 = Release|Any CPU
		{6EB7A9C8-2CD6-40D0-ADC9-1F0D8EFDDEE9}.Debug|Any CPU.ActiveCfg = Debug|Any CPU
		{6EB7A9C8-2CD6-40D0-ADC9-1F0D8EFDDEE9}.Debug|Any CPU.Build.0 = Debug|Any CPU
		{6EB7A9C8-2CD6-40D0-ADC9-1F0D8EFDDEE9}.Release|Any CPU.ActiveCfg = Release|Any CPU
		{6EB7A9C8-2CD6-40D0-ADC9-1F0D8EFDDEE9}.Release|Any CPU.Build.0 = Release|Any CPU
		{04614ED2-1441-4A46-8E12-7A14D3FB1B5F}.Debug|Any CPU.ActiveCfg = Debug|Any CPU
		{04614ED2-1441-4A46-8E12-7A14D3FB1B5F}.Debug|Any CPU.Build.0 = Debug|Any CPU
		{04614ED2-1441-4A46-8E12-7A14D3FB1B5F}.Release|Any CPU.ActiveCfg = Release|Any CPU
		{04614ED2-1441-4A46-8E12-7A14D3FB1B5F}.Release|Any CPU.Build.0 = Release|Any CPU
		{63DFC9B3-07F1-4239-A1F8-17C61A2D4619}.Debug|Any CPU.ActiveCfg = Debug|Any CPU
		{63DFC9B3-07F1-4239-A1F8-17C61A2D4619}.Debug|Any CPU.Build.0 = Debug|Any CPU
		{63DFC9B3-07F1-4239-A1F8-17C61A2D4619}.Release|Any CPU.ActiveCfg = Release|Any CPU
		{63DFC9B3-07F1-4239-A1F8-17C61A2D4619}.Release|Any CPU.Build.0 = Release|Any CPU
		{429E8BDD-F4FF-4AF1-A3F5-0E7367F9B766}.Debug|Any CPU.ActiveCfg = Debug|Any CPU
		{429E8BDD-F4FF-4AF1-A3F5-0E7367F9B766}.Debug|Any CPU.Build.0 = Debug|Any CPU
		{429E8BDD-F4FF-4AF1-A3F5-0E7367F9B766}.Release|Any CPU.ActiveCfg = Release|Any CPU
		{429E8BDD-F4FF-4AF1-A3F5-0E7367F9B766}.Release|Any CPU.Build.0 = Release|Any CPU
		{2B2BC6FA-8E3A-4323-87E5-15C1E7077AB2}.Debug|Any CPU.ActiveCfg = Debug|Any CPU
		{2B2BC6FA-8E3A-4323-87E5-15C1E7077AB2}.Debug|Any CPU.Build.0 = Debug|Any CPU
		{2B2BC6FA-8E3A-4323-87E5-15C1E7077AB2}.Release|Any CPU.ActiveCfg = Release|Any CPU
		{2B2BC6FA-8E3A-4323-87E5-15C1E7077AB2}.Release|Any CPU.Build.0 = Release|Any CPU
		{DBF5C42C-A839-44BA-AA41-FD24C79FB382}.Debug|Any CPU.ActiveCfg = Debug|Any CPU
		{DBF5C42C-A839-44BA-AA41-FD24C79FB382}.Debug|Any CPU.Build.0 = Debug|Any CPU
		{DBF5C42C-A839-44BA-AA41-FD24C79FB382}.Release|Any CPU.ActiveCfg = Release|Any CPU
		{DBF5C42C-A839-44BA-AA41-FD24C79FB382}.Release|Any CPU.Build.0 = Release|Any CPU
		{E4E82F9E-E75B-4C06-9338-9D19D0771802}.Debug|Any CPU.ActiveCfg = Debug|Any CPU
		{E4E82F9E-E75B-4C06-9338-9D19D0771802}.Debug|Any CPU.Build.0 = Debug|Any CPU
		{E4E82F9E-E75B-4C06-9338-9D19D0771802}.Release|Any CPU.ActiveCfg = Release|Any CPU
		{E4E82F9E-E75B-4C06-9338-9D19D0771802}.Release|Any CPU.Build.0 = Release|Any CPU
		{0DC598F3-8231-4514-9590-90A85F2802E0}.Debug|Any CPU.ActiveCfg = Debug|Any CPU
		{0DC598F3-8231-4514-9590-90A85F2802E0}.Debug|Any CPU.Build.0 = Debug|Any CPU
		{0DC598F3-8231-4514-9590-90A85F2802E0}.Release|Any CPU.ActiveCfg = Release|Any CPU
		{0DC598F3-8231-4514-9590-90A85F2802E0}.Release|Any CPU.Build.0 = Release|Any CPU
		{F233CF58-F101-455B-AB37-4C5733C0156A}.Debug|Any CPU.ActiveCfg = Debug|Any CPU
		{F233CF58-F101-455B-AB37-4C5733C0156A}.Debug|Any CPU.Build.0 = Debug|Any CPU
		{F233CF58-F101-455B-AB37-4C5733C0156A}.Release|Any CPU.ActiveCfg = Release|Any CPU
		{F233CF58-F101-455B-AB37-4C5733C0156A}.Release|Any CPU.Build.0 = Release|Any CPU
		{ADDDF884-81A8-48BA-B405-2D451ACCB6BF}.Debug|Any CPU.ActiveCfg = Debug|Any CPU
		{ADDDF884-81A8-48BA-B405-2D451ACCB6BF}.Debug|Any CPU.Build.0 = Debug|Any CPU
		{ADDDF884-81A8-48BA-B405-2D451ACCB6BF}.Release|Any CPU.ActiveCfg = Release|Any CPU
		{ADDDF884-81A8-48BA-B405-2D451ACCB6BF}.Release|Any CPU.Build.0 = Release|Any CPU
		{7ADD229C-B21A-4E48-8619-0A78B14CB449}.Debug|Any CPU.ActiveCfg = Debug|Any CPU
		{7ADD229C-B21A-4E48-8619-0A78B14CB449}.Debug|Any CPU.Build.0 = Debug|Any CPU
		{7ADD229C-B21A-4E48-8619-0A78B14CB449}.Release|Any CPU.ActiveCfg = Release|Any CPU
		{7ADD229C-B21A-4E48-8619-0A78B14CB449}.Release|Any CPU.Build.0 = Release|Any CPU
		{80231B01-6453-40E7-A017-74A84C6DBC96}.Debug|Any CPU.ActiveCfg = Debug|Any CPU
		{80231B01-6453-40E7-A017-74A84C6DBC96}.Debug|Any CPU.Build.0 = Debug|Any CPU
		{80231B01-6453-40E7-A017-74A84C6DBC96}.Release|Any CPU.ActiveCfg = Release|Any CPU
		{80231B01-6453-40E7-A017-74A84C6DBC96}.Release|Any CPU.Build.0 = Release|Any CPU
		{A878E072-1650-4830-97A8-3A59F21E2D4B}.Debug|Any CPU.ActiveCfg = Debug|Any CPU
		{A878E072-1650-4830-97A8-3A59F21E2D4B}.Debug|Any CPU.Build.0 = Debug|Any CPU
		{A878E072-1650-4830-97A8-3A59F21E2D4B}.Release|Any CPU.ActiveCfg = Release|Any CPU
		{A878E072-1650-4830-97A8-3A59F21E2D4B}.Release|Any CPU.Build.0 = Release|Any CPU
		{6D8D4104-B05B-4409-8A24-69A228D1FD5B}.Debug|Any CPU.ActiveCfg = Debug|Any CPU
		{6D8D4104-B05B-4409-8A24-69A228D1FD5B}.Debug|Any CPU.Build.0 = Debug|Any CPU
		{6D8D4104-B05B-4409-8A24-69A228D1FD5B}.Release|Any CPU.ActiveCfg = Release|Any CPU
		{6D8D4104-B05B-4409-8A24-69A228D1FD5B}.Release|Any CPU.Build.0 = Release|Any CPU
		{39FB9BB2-7EB8-4358-B828-F8C9F29074E7}.Debug|Any CPU.ActiveCfg = Debug|Any CPU
		{39FB9BB2-7EB8-4358-B828-F8C9F29074E7}.Debug|Any CPU.Build.0 = Debug|Any CPU
		{39FB9BB2-7EB8-4358-B828-F8C9F29074E7}.Release|Any CPU.ActiveCfg = Release|Any CPU
		{39FB9BB2-7EB8-4358-B828-F8C9F29074E7}.Release|Any CPU.Build.0 = Release|Any CPU
		{DB4527B6-BE1D-4089-A329-ACE154CDAD52}.Debug|Any CPU.ActiveCfg = Debug|Any CPU
		{DB4527B6-BE1D-4089-A329-ACE154CDAD52}.Debug|Any CPU.Build.0 = Debug|Any CPU
		{DB4527B6-BE1D-4089-A329-ACE154CDAD52}.Release|Any CPU.ActiveCfg = Release|Any CPU
		{DB4527B6-BE1D-4089-A329-ACE154CDAD52}.Release|Any CPU.Build.0 = Release|Any CPU
		{529A13D8-CA49-46DB-80C9-18B8ABD390F6}.Debug|Any CPU.ActiveCfg = Debug|Any CPU
		{529A13D8-CA49-46DB-80C9-18B8ABD390F6}.Debug|Any CPU.Build.0 = Debug|Any CPU
		{529A13D8-CA49-46DB-80C9-18B8ABD390F6}.Release|Any CPU.ActiveCfg = Release|Any CPU
		{529A13D8-CA49-46DB-80C9-18B8ABD390F6}.Release|Any CPU.Build.0 = Release|Any CPU
		{86396E01-9020-4E59-B656-0C38A3B629E4}.Debug|Any CPU.ActiveCfg = Debug|Any CPU
		{86396E01-9020-4E59-B656-0C38A3B629E4}.Debug|Any CPU.Build.0 = Debug|Any CPU
		{86396E01-9020-4E59-B656-0C38A3B629E4}.Release|Any CPU.ActiveCfg = Release|Any CPU
		{86396E01-9020-4E59-B656-0C38A3B629E4}.Release|Any CPU.Build.0 = Release|Any CPU
	EndGlobalSection
	GlobalSection(SolutionProperties) = preSolution
		HideSolutionNode = FALSE
	EndGlobalSection
	GlobalSection(NestedProjects) = preSolution
		{DD41F232-E4E3-408F-9687-7AA6D7201F49} = {F054EE83-4A80-4553-A0CC-25C46D2A3AC1}
		{CBD1A22E-6626-496A-ABE5-5AF066B844B1} = {DD41F232-E4E3-408F-9687-7AA6D7201F49}
		{04A7B5D4-43D6-4624-8F3F-C44B06BD7C2C} = {DD41F232-E4E3-408F-9687-7AA6D7201F49}
		{CDC81C63-39E4-44FB-80DB-7839E8D2C8C1} = {F054EE83-4A80-4553-A0CC-25C46D2A3AC1}
		{CB65A310-CCA3-40BB-9EBA-745184234496} = {CDC81C63-39E4-44FB-80DB-7839E8D2C8C1}
		{02858C64-BEB0-46DE-8479-BB623A6CF04A} = {F054EE83-4A80-4553-A0CC-25C46D2A3AC1}
		{6EB7A9C8-2CD6-40D0-ADC9-1F0D8EFDDEE9} = {02858C64-BEB0-46DE-8479-BB623A6CF04A}
		{63AB0898-B0A3-4E25-A3EE-5CCE2F20F6C0} = {F054EE83-4A80-4553-A0CC-25C46D2A3AC1}
		{04614ED2-1441-4A46-8E12-7A14D3FB1B5F} = {63AB0898-B0A3-4E25-A3EE-5CCE2F20F6C0}
		{63DFC9B3-07F1-4239-A1F8-17C61A2D4619} = {63AB0898-B0A3-4E25-A3EE-5CCE2F20F6C0}
		{429E8BDD-F4FF-4AF1-A3F5-0E7367F9B766} = {63AB0898-B0A3-4E25-A3EE-5CCE2F20F6C0}
		{16FC8D0A-F964-4B45-9E78-8F9D50585B3C} = {F054EE83-4A80-4553-A0CC-25C46D2A3AC1}
		{2B2BC6FA-8E3A-4323-87E5-15C1E7077AB2} = {16FC8D0A-F964-4B45-9E78-8F9D50585B3C}
		{DBF5C42C-A839-44BA-AA41-FD24C79FB382} = {16FC8D0A-F964-4B45-9E78-8F9D50585B3C}
		{E4E82F9E-E75B-4C06-9338-9D19D0771802} = {16FC8D0A-F964-4B45-9E78-8F9D50585B3C}
		{0DC598F3-8231-4514-9590-90A85F2802E0} = {16FC8D0A-F964-4B45-9E78-8F9D50585B3C}
		{F233CF58-F101-455B-AB37-4C5733C0156A} = {16FC8D0A-F964-4B45-9E78-8F9D50585B3C}
		{ADDDF884-81A8-48BA-B405-2D451ACCB6BF} = {F054EE83-4A80-4553-A0CC-25C46D2A3AC1}
		{54740C79-3FE9-47A5-BA78-267A43054D0E} = {7A62CF0C-B858-4273-8121-00BC279B7005}
		{80231B01-6453-40E7-A017-74A84C6DBC96} = {54740C79-3FE9-47A5-BA78-267A43054D0E}
		{0DA7335A-4D04-4AE3-88AA-166C9FA1772F} = {5E828BCD-A912-417F-9A51-708859BA56F5}
		{A878E072-1650-4830-97A8-3A59F21E2D4B} = {0DA7335A-4D04-4AE3-88AA-166C9FA1772F}
		{B7897E91-B991-4E82-8588-1097DC994C7D} = {5E828BCD-A912-417F-9A51-708859BA56F5}
		{6D8D4104-B05B-4409-8A24-69A228D1FD5B} = {B7897E91-B991-4E82-8588-1097DC994C7D}
		{BB062F30-D2B6-4D0A-9D3D-84B2AF006D25} = {5E828BCD-A912-417F-9A51-708859BA56F5}
		{39FB9BB2-7EB8-4358-B828-F8C9F29074E7} = {BB062F30-D2B6-4D0A-9D3D-84B2AF006D25}
		{DB4527B6-BE1D-4089-A329-ACE154CDAD52} = {BB062F30-D2B6-4D0A-9D3D-84B2AF006D25}
		{529A13D8-CA49-46DB-80C9-18B8ABD390F6} = {BB062F30-D2B6-4D0A-9D3D-84B2AF006D25}
		{087FE118-82FC-4D3E-9D98-E16C305D27EA} = {55DB6D46-100C-4C74-88B9-6FBB954D64CA}
		{1E83DA8C-987F-401E-82B5-C5CB595543F4} = {55DB6D46-100C-4C74-88B9-6FBB954D64CA}
		{33D79F84-2086-423A-83C8-FE99E7A8236E} = {55DB6D46-100C-4C74-88B9-6FBB954D64CA}
		{E09197C4-F4F1-4998-9804-4EC96AC13EFD} = {55DB6D46-100C-4C74-88B9-6FBB954D64CA}
		{12AAB3FD-8B28-4D53-AB95-A03AB2A701F3} = {55DB6D46-100C-4C74-88B9-6FBB954D64CA}
		{CE002A44-53E8-46AC-B682-FDC093659474} = {7A62CF0C-B858-4273-8121-00BC279B7005}
		{86396E01-9020-4E59-B656-0C38A3B629E4} = {CE002A44-53E8-46AC-B682-FDC093659474}
		{7ADD229C-B21A-4E48-8619-0A78B14CB449} = {7A62CF0C-B858-4273-8121-00BC279B7005}
	EndGlobalSection
	GlobalSection(ExtensibilityGlobals) = postSolution
		SolutionGuid = {5B699336-21B7-4FD5-8ECC-A8390C034309}
	EndGlobalSection
EndGlobal
