
Microsoft Visual Studio Solution File, Format Version 12.00
# Visual Studio 2017
Project("{FAE04EC0-301F-11D3-BF4B-00C04F79EFBC}") = "Elect.Sample.Web.Swagger", "Elect.Sample.Web.Swagger.csproj", "{A400F0D1-9B2F-4AA4-95D6-10051861B06C}"
EndProject
Global
	GlobalSection(SolutionConfigurationPlatforms) = preSolution
		Debug|Any CPU = Debug|Any CPU
		Release|Any CPU = Release|Any CPU
	EndGlobalSection
	GlobalSection(ProjectConfigurationPlatforms) = postSolution
		{A400F0D1-9B2F-4AA4-95D6-10051861B06C}.Debug|Any CPU.ActiveCfg = Debug|Any CPU
		{A400F0D1-9B2F-4AA4-95D6-10051861B06C}.Debug|Any CPU.Build.0 = Debug|Any CPU
		{A400F0D1-9B2F-4AA4-95D6-10051861B06C}.Release|Any CPU.ActiveCfg = Release|Any CPU
		{A400F0D1-9B2F-4AA4-95D6-10051861B06C}.Release|Any CPU.Build.0 = Release|Any CPU
	EndGlobalSection
EndGlobal
